
Microsoft Visual Studio Solution File, Format Version 12.00
# Visual Studio Version 17
VisualStudioVersion = 17.7.34221.43
MinimumVisualStudioVersion = 10.0.40219.1
Project("{FAE04EC0-301F-11D3-BF4B-00C04F79EFBC}") = "Dodo parking", "Dodo parking\Dodo parking.csproj", "{F26AA28E-E753-4BD8-A464-6C7DB8330DA9}"
EndProject
Global
	GlobalSection(SolutionConfigurationPlatforms) = preSolution
		Debug|Any CPU = Debug|Any CPU
		Release|Any CPU = Release|Any CPU
	EndGlobalSection
	GlobalSection(ProjectConfigurationPlatforms) = postSolution
		{F26AA28E-E753-4BD8-A464-6C7DB8330DA9}.Debug|Any CPU.ActiveCfg = Debug|Any CPU
		{F26AA28E-E753-4BD8-A464-6C7DB8330DA9}.Debug|Any CPU.Build.0 = Debug|Any CPU
		{F26AA28E-E753-4BD8-A464-6C7DB8330DA9}.Release|Any CPU.ActiveCfg = Release|Any CPU
		{F26AA28E-E753-4BD8-A464-6C7DB8330DA9}.Release|Any CPU.Build.0 = Release|Any CPU
	EndGlobalSection
	GlobalSection(SolutionProperties) = preSolution
		HideSolutionNode = FALSE
	EndGlobalSection
	GlobalSection(ExtensibilityGlobals) = postSolution
		SolutionGuid = {7E567338-2CF7-4060-85C1-4F908D8C8E93}
	EndGlobalSection
EndGlobal
